
Microsoft Visual Studio Solution File, Format Version 12.00
# Visual Studio 14
VisualStudioVersion = 14.0.23107.0
MinimumVisualStudioVersion = 10.0.40219.1
Project("{FAE04EC0-301F-11D3-BF4B-00C04F79EFBC}") = "HelloSquirrel", "HelloSquirrel\HelloSquirrel.csproj", "{48FA2E12-B90B-4FB0-99DC-D4BCC900AED1}"
EndProject
Project("{2150E333-8FDC-42A3-9474-1A3956D46DE8}") = "Solution Items", "Solution Items", "{0FE7E352-D803-47B6-B534-FAC02F6844B2}"
	ProjectSection(SolutionItems) = preProject
		.gitattributes = .gitattributes
		.gitignore = .gitignore
		before.hello.squirrel.sln.targets = before.hello.squirrel.sln.targets
		build.bat = build.bat
		empty.targets = empty.targets
		GitVersionConfig.yaml = GitVersionConfig.yaml
		solution.targets = solution.targets
		SolutionInfo.cs = SolutionInfo.cs
	EndProjectSection
EndProject
Project("{2150E333-8FDC-42A3-9474-1A3956D46DE8}") = ".build", ".build", "{6C857475-A634-43F1-A8B1-D871EC3A4482}"
	ProjectSection(SolutionItems) = preProject
		Build.proj = Build.proj
		.build\MSBuild.Community.Tasks.dll = .build\MSBuild.Community.Tasks.dll
		.build\MSBuild.Community.Tasks.targets = .build\MSBuild.Community.Tasks.targets
	EndProjectSection
EndProject
Global
	GlobalSection(SolutionConfigurationPlatforms) = preSolution
		Debug|Any CPU = Debug|Any CPU
		Release|Any CPU = Release|Any CPU
	EndGlobalSection
	GlobalSection(ProjectConfigurationPlatforms) = postSolution
		{48FA2E12-B90B-4FB0-99DC-D4BCC900AED1}.Debug|Any CPU.ActiveCfg = Debug|Any CPU
		{48FA2E12-B90B-4FB0-99DC-D4BCC900AED1}.Debug|Any CPU.Build.0 = Debug|Any CPU
		{48FA2E12-B90B-4FB0-99DC-D4BCC900AED1}.Release|Any CPU.ActiveCfg = Release|Any CPU
		{48FA2E12-B90B-4FB0-99DC-D4BCC900AED1}.Release|Any CPU.Build.0 = Release|Any CPU
	EndGlobalSection
	GlobalSection(SolutionProperties) = preSolution
		HideSolutionNode = FALSE
	EndGlobalSection
EndGlobal
